// !$*UTF8*$!
{
	archiveVersion = 1;
	classes = {
	};
	objectVersion = 46;
	objects = {

/* Begin PBXBuildFile section */
		3F91DF0759AB9B6B9B5B8EDC /* Foundation.framework in Frameworks */ = {isa = PBXBuildFile; fileRef = BB7E90B322E8C6A7876BBC8C /* Foundation.framework */; };
		946283B11F5DBA11008BF2D1 /* CustomOperators.swift in Sources */ = {isa = PBXBuildFile; fileRef = 946283B01F5DBA11008BF2D1 /* CustomOperators.swift */; };
		946283B31F5DBA64008BF2D1 /* DataAccess.swift in Sources */ = {isa = PBXBuildFile; fileRef = 946283B21F5DBA64008BF2D1 /* DataAccess.swift */; };
		946283B51F5DBAE4008BF2D1 /* Subscription.swift in Sources */ = {isa = PBXBuildFile; fileRef = 946283B41F5DBAE4008BF2D1 /* Subscription.swift */; };
		946283B71F5DBB2E008BF2D1 /* Protocols.swift in Sources */ = {isa = PBXBuildFile; fileRef = 946283B61F5DBB2E008BF2D1 /* Protocols.swift */; };
		946283B91F5DC68A008BF2D1 /* Main.swift in Sources */ = {isa = PBXBuildFile; fileRef = 946283B81F5DC68A008BF2D1 /* Main.swift */; };
		947FA15C2DF90BDE4FBADED7 /* Foundation.framework in Frameworks */ = {isa = PBXBuildFile; fileRef = BB7E90B322E8C6A7876BBC8C /* Foundation.framework */; };
		D2336AECEBB6DEFB97038015 /* ByTypeStorage.swift in Sources */ = {isa = PBXBuildFile; fileRef = D0D030C7BAE82B116DAAF22A /* ByTypeStorage.swift */; };
/* End PBXBuildFile section */

/* Begin PBXContainerItemProxy section */
		E21882BE57A4246A8ECBA931 /* PBXContainerItemProxy */ = {
			isa = PBXContainerItemProxy;
			containerPortal = 72EFB693325250A86C56B50B /* Project object */;
			proxyType = 1;
			remoteGlobalIDString = FDC0F3BF5736813B530B2292;
			remoteInfo = Fwk;
		};
/* End PBXContainerItemProxy section */

/* Begin PBXCopyFilesBuildPhase section */
		D5B9F53BB783AE27F1873C69 /* Embed Frameworks */ = {
			isa = PBXCopyFilesBuildPhase;
			buildActionMask = 2147483647;
			dstPath = "";
			dstSubfolderSpec = 10;
			files = (
			);
			name = "Embed Frameworks";
			runOnlyForDeploymentPostprocessing = 0;
		};
		FE5941662F5F73D96354D8ED /* Embed Frameworks */ = {
			isa = PBXCopyFilesBuildPhase;
			buildActionMask = 2147483647;
			dstPath = "";
			dstSubfolderSpec = 10;
			files = (
			);
			name = "Embed Frameworks";
			runOnlyForDeploymentPostprocessing = 0;
		};
/* End PBXCopyFilesBuildPhase section */

/* Begin PBXFileReference section */
		946283B01F5DBA11008BF2D1 /* CustomOperators.swift */ = {isa = PBXFileReference; lastKnownFileType = sourcecode.swift; path = CustomOperators.swift; sourceTree = "<group>"; };
		946283B21F5DBA64008BF2D1 /* DataAccess.swift */ = {isa = PBXFileReference; lastKnownFileType = sourcecode.swift; path = DataAccess.swift; sourceTree = "<group>"; };
		946283B41F5DBAE4008BF2D1 /* Subscription.swift */ = {isa = PBXFileReference; lastKnownFileType = sourcecode.swift; path = Subscription.swift; sourceTree = "<group>"; };
		946283B61F5DBB2E008BF2D1 /* Protocols.swift */ = {isa = PBXFileReference; lastKnownFileType = sourcecode.swift; path = Protocols.swift; sourceTree = "<group>"; };
		946283B81F5DC68A008BF2D1 /* Main.swift */ = {isa = PBXFileReference; lastKnownFileType = sourcecode.swift; path = Main.swift; sourceTree = "<group>"; };
		BB7E90B322E8C6A7876BBC8C /* Foundation.framework */ = {isa = PBXFileReference; lastKnownFileType = wrapper.framework; name = Foundation.framework; path = Platforms/iPhoneOS.platform/Developer/SDKs/iPhoneOS10.3.sdk/System/Library/Frameworks/Foundation.framework; sourceTree = DEVELOPER_DIR; };
		D0D030C7BAE82B116DAAF22A /* ByTypeStorage.swift */ = {isa = PBXFileReference; includeInIndex = 1; lastKnownFileType = sourcecode.swift; path = ByTypeStorage.swift; sourceTree = "<group>"; };
		E3F35BDF4955D5D7B59ABC15 /* Fwk.framework */ = {isa = PBXFileReference; explicitFileType = wrapper.framework; includeInIndex = 0; name = Fwk.framework; path = XCEByTypeStorage.framework; sourceTree = BUILT_PRODUCTS_DIR; };
		F080ABDF4A3B1F3FF91D53A6 /* Tests.xctest */ = {isa = PBXFileReference; explicitFileType = wrapper.cfbundle; includeInIndex = 0; path = Tests.xctest; sourceTree = BUILT_PRODUCTS_DIR; };
/* End PBXFileReference section */

/* Begin PBXFrameworksBuildPhase section */
		8271BC158E23C70D42C9A56B /* Frameworks */ = {
			isa = PBXFrameworksBuildPhase;
			buildActionMask = 2147483647;
			files = (
				947FA15C2DF90BDE4FBADED7 /* Foundation.framework in Frameworks */,
			);
			runOnlyForDeploymentPostprocessing = 0;
		};
		B043487F109C1817501C977F /* Frameworks */ = {
			isa = PBXFrameworksBuildPhase;
			buildActionMask = 2147483647;
			files = (
				3F91DF0759AB9B6B9B5B8EDC /* Foundation.framework in Frameworks */,
			);
			runOnlyForDeploymentPostprocessing = 0;
		};
/* End PBXFrameworksBuildPhase section */

/* Begin PBXGroup section */
		090297B4F8D9152D3FEF28DA /* $local */ = {
			isa = PBXGroup;
			children = (
			);
			name = $local;
			sourceTree = "<group>";
		};
		457E1E85E665765F503FC217 = {
			isa = PBXGroup;
			children = (
				E0606D5283252AE6B8D7AC08 /* Frameworks */,
				89211B21CAF1A21806EEBBA1 /* Products */,
				D7DEAA50F01BD7AF589F993C /* Sources */,
				B9AE55CB38FE8BD4302F6273 /* Tests */,
			);
			sourceTree = "<group>";
		};
		89211B21CAF1A21806EEBBA1 /* Products */ = {
			isa = PBXGroup;
			children = (
				E3F35BDF4955D5D7B59ABC15 /* Fwk.framework */,
				F080ABDF4A3B1F3FF91D53A6 /* Tests.xctest */,
			);
			name = Products;
			sourceTree = "<group>";
		};
		A5605B6F8C48E4B02E5E10A5 /* iOS */ = {
			isa = PBXGroup;
			children = (
				BB7E90B322E8C6A7876BBC8C /* Foundation.framework */,
			);
			name = iOS;
			sourceTree = "<group>";
		};
		B9AE55CB38FE8BD4302F6273 /* Tests */ = {
			isa = PBXGroup;
			children = (
				946283B81F5DC68A008BF2D1 /* Main.swift */,
			);
			path = Tests;
			sourceTree = SOURCE_ROOT;
		};
		D7DEAA50F01BD7AF589F993C /* Sources */ = {
			isa = PBXGroup;
			children = (
				D0D030C7BAE82B116DAAF22A /* ByTypeStorage.swift */,
				946283B61F5DBB2E008BF2D1 /* Protocols.swift */,
				946283B41F5DBAE4008BF2D1 /* Subscription.swift */,
				946283B21F5DBA64008BF2D1 /* DataAccess.swift */,
				946283B01F5DBA11008BF2D1 /* CustomOperators.swift */,
			);
			path = Sources;
			sourceTree = SOURCE_ROOT;
		};
		E0606D5283252AE6B8D7AC08 /* Frameworks */ = {
			isa = PBXGroup;
			children = (
				090297B4F8D9152D3FEF28DA /* $local */,
				A5605B6F8C48E4B02E5E10A5 /* iOS */,
			);
			name = Frameworks;
			sourceTree = "<group>";
		};
/* End PBXGroup section */

/* Begin PBXNativeTarget section */
		EF2E0020F07B7E15EE6F992A /* Tests */ = {
			isa = PBXNativeTarget;
			buildConfigurationList = 47E8FC6C00D7C8C22DE16158 /* Build configuration list for PBXNativeTarget "Tests" */;
			buildPhases = (
				A4EE1E1C9123C21238CEE36E /* Sources */,
				B043487F109C1817501C977F /* Frameworks */,
				FE5941662F5F73D96354D8ED /* Embed Frameworks */,
			);
			buildRules = (
			);
			dependencies = (
				AADA0987BBDEE0D917BD73FA /* PBXTargetDependency */,
			);
			name = Tests;
			productName = Tests;
			productReference = F080ABDF4A3B1F3FF91D53A6 /* Tests.xctest */;
			productType = "com.apple.product-type.bundle.unit-test";
		};
		FDC0F3BF5736813B530B2292 /* Fwk */ = {
			isa = PBXNativeTarget;
			buildConfigurationList = BA3C13109BB8FC4CEBD22A83 /* Build configuration list for PBXNativeTarget "Fwk" */;
			buildPhases = (
				B87AAF88885DB25E96C4BE7B /* SwiftLint */,
				E7BE6AAE4A6428107851F41E /* Sources */,
				8271BC158E23C70D42C9A56B /* Frameworks */,
				D5B9F53BB783AE27F1873C69 /* Embed Frameworks */,
			);
			buildRules = (
			);
			dependencies = (
			);
			name = Fwk;
			productName = Fwk;
			productReference = E3F35BDF4955D5D7B59ABC15 /* Fwk.framework */;
			productType = "com.apple.product-type.framework";
		};
/* End PBXNativeTarget section */

/* Begin PBXProject section */
		72EFB693325250A86C56B50B /* Project object */ = {
			isa = PBXProject;
			attributes = {
				LastSwiftUpdateCheck = 0830;
				LastUpgradeCheck = 0700;
				Struct.Version = 2.1.0;
				TargetAttributes = {
					EF2E0020F07B7E15EE6F992A = {
						LastSwiftMigration = 0900;
						ProvisioningStyle = Automatic;
					};
				};
			};
			buildConfigurationList = AA2C9B06BEA05721BA07D898 /* Build configuration list for PBXProject "Main" */;
			compatibilityVersion = "Xcode 3.2";
			developmentRegion = English;
			hasScannedForEncodings = 0;
			knownRegions = (
				en,
			);
			mainGroup = 457E1E85E665765F503FC217;
			productRefGroup = 89211B21CAF1A21806EEBBA1 /* Products */;
			projectDirPath = "";
			projectRoot = "";
			targets = (
				FDC0F3BF5736813B530B2292 /* Fwk */,
				EF2E0020F07B7E15EE6F992A /* Tests */,
			);
		};
/* End PBXProject section */

/* Begin PBXShellScriptBuildPhase section */
		B87AAF88885DB25E96C4BE7B /* SwiftLint */ = {
			isa = PBXShellScriptBuildPhase;
			buildActionMask = 2147483647;
			files = (
			);
			inputPaths = (
			);
			name = SwiftLint;
			outputPaths = (
			);
			runOnlyForDeploymentPostprocessing = 0;
			shellPath = /bin/sh;
			shellScript = "if which swiftlint >/dev/null; then\n    swiftlint\nelse\n    echo \"warning: SwiftLint not installed, download from https://github.com/realm/SwiftLint\"\nfi";
		};
/* End PBXShellScriptBuildPhase section */

/* Begin PBXSourcesBuildPhase section */
		A4EE1E1C9123C21238CEE36E /* Sources */ = {
			isa = PBXSourcesBuildPhase;
			buildActionMask = 2147483647;
			files = (
				946283B91F5DC68A008BF2D1 /* Main.swift in Sources */,
			);
			runOnlyForDeploymentPostprocessing = 0;
		};
		E7BE6AAE4A6428107851F41E /* Sources */ = {
			isa = PBXSourcesBuildPhase;
			buildActionMask = 2147483647;
			files = (
				946283B71F5DBB2E008BF2D1 /* Protocols.swift in Sources */,
				946283B11F5DBA11008BF2D1 /* CustomOperators.swift in Sources */,
				946283B31F5DBA64008BF2D1 /* DataAccess.swift in Sources */,
				946283B51F5DBAE4008BF2D1 /* Subscription.swift in Sources */,
				D2336AECEBB6DEFB97038015 /* ByTypeStorage.swift in Sources */,
			);
			runOnlyForDeploymentPostprocessing = 0;
		};
/* End PBXSourcesBuildPhase section */

/* Begin PBXTargetDependency section */
		AADA0987BBDEE0D917BD73FA /* PBXTargetDependency */ = {
			isa = PBXTargetDependency;
			name = Fwk;
			target = FDC0F3BF5736813B530B2292 /* Fwk */;
			targetProxy = E21882BE57A4246A8ECBA931 /* PBXContainerItemProxy */;
		};
/* End PBXTargetDependency section */

/* Begin XCBuildConfiguration section */
		42A58657C2FF4B821E07E910 /* Release */ = {
			isa = XCBuildConfiguration;
			buildSettings = {
				ALWAYS_EMBED_SWIFT_STANDARD_LIBRARIES = YES;
				CLANG_ENABLE_MODULES = YES;
				"CODE_SIGN_IDENTITY[sdk=iphoneos*]" = "iPhone Developer";
				CODE_SIGN_STYLE = Automatic;
				DEVELOPMENT_TEAM = "";
				FRAMEWORK_SEARCH_PATHS = (
					"$(inherited)",
					"$(BUILT_PRODUCTS_DIR)",
				);
				INFOPLIST_FILE = Info/Tst.plist;
				IPHONEOS_DEPLOYMENT_TARGET = 8.0;
				LD_RUNPATH_SEARCH_PATHS = "$(inherited) @executable_path/Frameworks @loader_path/Frameworks";
				PRODUCT_BUNDLE_IDENTIFIER = io.XCEssentials.ByTypeStorage.Tst;
				PRODUCT_NAME = "$(TARGET_NAME)";
				PROVISIONING_PROFILE_SPECIFIER = "";
				SDKROOT = iphoneos;
				SWIFT_VERSION = 3.0;
			};
			name = Release;
		};
		57CE58E613303C2ACAC0C574 /* Debug */ = {
			isa = XCBuildConfiguration;
			buildSettings = {
				ALWAYS_SEARCH_USER_PATHS = NO;
				CLANG_ANALYZER_NONNULL = YES;
				CLANG_CXX_LANGUAGE_STANDARD = "gnu++0x";
				CLANG_CXX_LIBRARY = "libc++";
				CLANG_ENABLE_MODULES = YES;
				CLANG_ENABLE_OBJC_ARC = YES;
				CLANG_WARN_BOOL_CONVERSION = YES;
				CLANG_WARN_CONSTANT_CONVERSION = YES;
				CLANG_WARN_DIRECT_OBJC_ISA_USAGE = YES_ERROR;
				CLANG_WARN_DOCUMENTATION_COMMENTS = YES;
				CLANG_WARN_EMPTY_BODY = YES;
				CLANG_WARN_ENUM_CONVERSION = YES;
				CLANG_WARN_INFINITE_RECURSION = YES;
				CLANG_WARN_INT_CONVERSION = YES;
				CLANG_WARN_OBJC_ROOT_CLASS = YES_ERROR;
				CLANG_WARN_SUSPICIOUS_MOVE = YES;
				CLANG_WARN_SUSPICIOUS_MOVES = YES;
				CLANG_WARN_UNREACHABLE_CODE = YES;
				CLANG_WARN__DUPLICATE_METHOD_MATCH = YES;
				CODE_SIGN_IDENTITY = "-";
				"CODE_SIGN_IDENTITY[sdk=iphoneos*]" = "";
				COPY_PHASE_STRIP = NO;
				CURRENT_PROJECT_VERSION = 1;
				DEBUG_INFORMATION_FORMAT = dwarf;
				ENABLE_STRICT_OBJC_MSGSEND = YES;
				ENABLE_TESTABILITY = YES;
				GCC_C_LANGUAGE_STANDARD = gnu99;
				GCC_DYNAMIC_NO_PIC = NO;
				GCC_NO_COMMON_BLOCKS = YES;
				GCC_OPTIMIZATION_LEVEL = 0;
				GCC_PREPROCESSOR_DEFINITIONS = (
					"DEBUG=1",
					"$(inherited)",
				);
				GCC_WARN_64_TO_32_BIT_CONVERSION = YES;
				GCC_WARN_ABOUT_RETURN_TYPE = YES_ERROR;
				GCC_WARN_UNDECLARED_SELECTOR = YES;
				GCC_WARN_UNINITIALIZED_AUTOS = YES_AGGRESSIVE;
				GCC_WARN_UNUSED_FUNCTION = YES;
				GCC_WARN_UNUSED_VARIABLE = YES;
				IPHONEOS_DEPLOYMENT_TARGET = 8.0;
				MTL_ENABLE_DEBUG_INFO = YES;
				ONLY_ACTIVE_ARCH = YES;
				SWIFT_ACTIVE_COMPILATION_CONDITIONS = DEBUG;
				SWIFT_OPTIMIZATION_LEVEL = "-Onone";
				SWIFT_VERSION = 3.0;
				VERSIONING_SYSTEM = "apple-generic";
			};
			name = Debug;
		};
		76D43B465EDE9260EDE0385C /* Release */ = {
			isa = XCBuildConfiguration;
			buildSettings = {
				ALWAYS_SEARCH_USER_PATHS = NO;
				CLANG_ANALYZER_NONNULL = YES;
				CLANG_CXX_LANGUAGE_STANDARD = "gnu++0x";
				CLANG_CXX_LIBRARY = "libc++";
				CLANG_ENABLE_MODULES = YES;
				CLANG_ENABLE_OBJC_ARC = YES;
				CLANG_WARN_BOOL_CONVERSION = YES;
				CLANG_WARN_CONSTANT_CONVERSION = YES;
				CLANG_WARN_DIRECT_OBJC_ISA_USAGE = YES_ERROR;
				CLANG_WARN_DOCUMENTATION_COMMENTS = YES;
				CLANG_WARN_EMPTY_BODY = YES;
				CLANG_WARN_ENUM_CONVERSION = YES;
				CLANG_WARN_INFINITE_RECURSION = YES;
				CLANG_WARN_INT_CONVERSION = YES;
				CLANG_WARN_OBJC_ROOT_CLASS = YES_ERROR;
				CLANG_WARN_SUSPICIOUS_MOVE = YES;
				CLANG_WARN_SUSPICIOUS_MOVES = YES;
				CLANG_WARN_UNREACHABLE_CODE = YES;
				CLANG_WARN__DUPLICATE_METHOD_MATCH = YES;
				CODE_SIGN_IDENTITY = "-";
				"CODE_SIGN_IDENTITY[sdk=iphoneos*]" = "";
				COPY_PHASE_STRIP = NO;
				CURRENT_PROJECT_VERSION = 1;
				DEBUG_INFORMATION_FORMAT = "dwarf-with-dsym";
				ENABLE_NS_ASSERTIONS = NO;
				ENABLE_STRICT_OBJC_MSGSEND = YES;
				GCC_C_LANGUAGE_STANDARD = gnu99;
				GCC_NO_COMMON_BLOCKS = YES;
				GCC_WARN_64_TO_32_BIT_CONVERSION = YES;
				GCC_WARN_ABOUT_RETURN_TYPE = YES_ERROR;
				GCC_WARN_UNDECLARED_SELECTOR = YES;
				GCC_WARN_UNINITIALIZED_AUTOS = YES_AGGRESSIVE;
				GCC_WARN_UNUSED_FUNCTION = YES;
				GCC_WARN_UNUSED_VARIABLE = YES;
				IPHONEOS_DEPLOYMENT_TARGET = 8.0;
				MTL_ENABLE_DEBUG_INFO = NO;
				SWIFT_OPTIMIZATION_LEVEL = "-Owholemodule";
				SWIFT_VERSION = 3.0;
				VALIDATE_PRODUCT = YES;
				VERSIONING_SYSTEM = "apple-generic";
			};
			name = Release;
		};
		84C422E2F6E266FB29930990 /* Release */ = {
			isa = XCBuildConfiguration;
			buildSettings = {
				ALWAYS_EMBED_SWIFT_STANDARD_LIBRARIES = YES;
				CURRENT_PROJECT_VERSION = 1;
				DEFINES_MODULE = NO;
				ENABLE_TESTABILITY = YES;
				INFOPLIST_FILE = Info/Fwk.plist;
				INSTALL_PATH = "$(LOCAL_LIBRARY_DIR)/Frameworks";
				IPHONEOS_DEPLOYMENT_TARGET = 8.0;
				LD_RUNPATH_SEARCH_PATHS = "$(inherited) @executable_path/Frameworks";
				PRODUCT_BUNDLE_IDENTIFIER = io.XCEssentials.ByTypeStorage;
				PRODUCT_NAME = XCEByTypeStorage;
				SDKROOT = iphoneos;
				SKIP_INSTALL = YES;
				SWIFT_VERSION = 3.0;
				TARGETED_DEVICE_FAMILY = "1,2";
				VERSIONING_SYSTEM = "apple-generic";
				VERSION_INFO_PREFIX = "";
			};
			name = Release;
		};
		A60360EAEAC90D7231E298E9 /* Debug */ = {
			isa = XCBuildConfiguration;
			buildSettings = {
				ALWAYS_EMBED_SWIFT_STANDARD_LIBRARIES = YES;
				CLANG_ENABLE_MODULES = YES;
				"CODE_SIGN_IDENTITY[sdk=iphoneos*]" = "iPhone Developer";
				CODE_SIGN_STYLE = Automatic;
				DEVELOPMENT_TEAM = "";
				FRAMEWORK_SEARCH_PATHS = (
					"$(inherited)",
					"$(BUILT_PRODUCTS_DIR)",
				);
				INFOPLIST_FILE = Info/Tst.plist;
				IPHONEOS_DEPLOYMENT_TARGET = 8.0;
				LD_RUNPATH_SEARCH_PATHS = "$(inherited) @executable_path/Frameworks @loader_path/Frameworks";
				MTL_ENABLE_DEBUG_INFO = true;
				PRODUCT_BUNDLE_IDENTIFIER = io.XCEssentials.ByTypeStorage.Tst;
				PRODUCT_NAME = "$(TARGET_NAME)";
				PROVISIONING_PROFILE_SPECIFIER = "";
				SDKROOT = iphoneos;
				SWIFT_OPTIMIZATION_LEVEL = "-Onone";
				SWIFT_VERSION = 3.0;
			};
			name = Debug;
		};
		FEDC5BF6666458EA3010A6A3 /* Debug */ = {
			isa = XCBuildConfiguration;
			buildSettings = {
				ALWAYS_EMBED_SWIFT_STANDARD_LIBRARIES = YES;
				CURRENT_PROJECT_VERSION = 1;
				DEFINES_MODULE = NO;
				ENABLE_TESTABILITY = YES;
				INFOPLIST_FILE = Info/Fwk.plist;
				INSTALL_PATH = "$(LOCAL_LIBRARY_DIR)/Frameworks";
				IPHONEOS_DEPLOYMENT_TARGET = 8.0;
				LD_RUNPATH_SEARCH_PATHS = "$(inherited) @executable_path/Frameworks";
				MTL_ENABLE_DEBUG_INFO = true;
				PRODUCT_BUNDLE_IDENTIFIER = io.XCEssentials.ByTypeStorage;
				PRODUCT_NAME = XCEByTypeStorage;
				SDKROOT = iphoneos;
				SKIP_INSTALL = YES;
				SWIFT_VERSION = 3.0;
				TARGETED_DEVICE_FAMILY = "1,2";
				VERSIONING_SYSTEM = "apple-generic";
				VERSION_INFO_PREFIX = "";
			};
			name = Debug;
		};
/* End XCBuildConfiguration section */

/* Begin XCConfigurationList section */
		47E8FC6C00D7C8C22DE16158 /* Build configuration list for PBXNativeTarget "Tests" */ = {
			isa = XCConfigurationList;
			buildConfigurations = (
				A60360EAEAC90D7231E298E9 /* Debug */,
				42A58657C2FF4B821E07E910 /* Release */,
			);
			defaultConfigurationIsVisible = 0;
			defaultConfigurationName = Release;
		};
		AA2C9B06BEA05721BA07D898 /* Build configuration list for PBXProject "Main" */ = {
			isa = XCConfigurationList;
			buildConfigurations = (
				57CE58E613303C2ACAC0C574 /* Debug */,
				76D43B465EDE9260EDE0385C /* Release */,
			);
			defaultConfigurationIsVisible = 0;
			defaultConfigurationName = Debug;
		};
		BA3C13109BB8FC4CEBD22A83 /* Build configuration list for PBXNativeTarget "Fwk" */ = {
			isa = XCConfigurationList;
			buildConfigurations = (
				FEDC5BF6666458EA3010A6A3 /* Debug */,
				84C422E2F6E266FB29930990 /* Release */,
			);
			defaultConfigurationIsVisible = 0;
			defaultConfigurationName = Release;
		};
/* End XCConfigurationList section */
	};
	rootObject = 72EFB693325250A86C56B50B /* Project object */;
}
